Microsoft Visual Studio Solution File, Format Version 12.00
# Visual Studio Version 17
VisualStudioVersion = 17.5.2.0
MinimumVisualStudioVersion = 10.0.40219.1
Project("{FAE04EC0-301F-11D3-BF4B-00C04F79EFBC}") = "t12Project", "t12Project.csproj", "{7CABF092-D10D-055E-21BC-48F34ECD14D2}"
EndProject
Project("{FAE04EC0-301F-11D3-BF4B-00C04F79EFBC}") = "t12Project.Tests", "t12Project.Tests\t12Project.Tests.csproj", "{1D5F11F7-D919-4692-ACAE-0B15DBFC6789}"
EndProject
Project("{FAE04EC0-301F-11D3-BF4B-00C04F79EFBC}") = "t12Project.Playwright", "t12Project.Playwright\t12Project.Playwright.csproj", "{BDF2C241-6195-42CE-A95E-53E9D4764ADD}"
EndProject
Global
	GlobalSection(SolutionConfigurationPlatforms) = preSolution
		Debug|Any CPU = Debug|Any CPU
		Release|Any CPU = Release|Any CPU
	EndGlobalSection
	GlobalSection(ProjectConfigurationPlatforms) = postSolution
		{7CABF092-D10D-055E-21BC-48F34ECD14D2}.Debug|Any CPU.ActiveCfg = Debug|Any CPU
		{7CABF092-D10D-055E-21BC-48F34ECD14D2}.Debug|Any CPU.Build.0 = Debug|Any CPU
		{7CABF092-D10D-055E-21BC-48F34ECD14D2}.Release|Any CPU.ActiveCfg = Release|Any CPU
		{7CABF092-D10D-055E-21BC-48F34ECD14D2}.Release|Any CPU.Build.0 = Release|Any CPU
		{1D5F11F7-D919-4692-ACAE-0B15DBFC6789}.Debug|Any CPU.ActiveCfg = Debug|Any CPU
		{1D5F11F7-D919-4692-ACAE-0B15DBFC6789}.Debug|Any CPU.Build.0 = Debug|Any CPU
		{1D5F11F7-D919-4692-ACAE-0B15DBFC6789}.Release|Any CPU.ActiveCfg = Release|Any CPU
		{1D5F11F7-D919-4692-ACAE-0B15DBFC6789}.Release|Any CPU.Build.0 = Release|Any CPU
		{BDF2C241-6195-42CE-A95E-53E9D4764ADD}.Debug|Any CPU.ActiveCfg = Debug|Any CPU
		{BDF2C241-6195-42CE-A95E-53E9D4764ADD}.Debug|Any CPU.Build.0 = Debug|Any CPU
		{BDF2C241-6195-42CE-A95E-53E9D4764ADD}.Release|Any CPU.ActiveCfg = Release|Any CPU
		{BDF2C241-6195-42CE-A95E-53E9D4764ADD}.Release|Any CPU.Build.0 = Release|Any CPU
	EndGlobalSection
	GlobalSection(SolutionProperties) = preSolution
		HideSolutionNode = FALSE
	EndGlobalSection
	GlobalSection(ExtensibilityGlobals) = postSolution
		SolutionGuid = {5E3C701E-72CC-44FB-99DA-B898A354E893}
	EndGlobalSection
EndGlobal
